
Microsoft Visual Studio Solution File, Format Version 12.00
# Visual Studio Version 17
VisualStudioVersion = 17.7.34024.191
MinimumVisualStudioVersion = 10.0.40219.1
Project("{FAE04EC0-301F-11D3-BF4B-00C04F79EFBC}") = "AutomobileLibrary", "AutomobileLibrary\AutomobileLibrary.csproj", "{5B90F4C2-42B4-4D30-AACE-F0A4E7DEC594}"
EndProject
Project("{FAE04EC0-301F-11D3-BF4B-00C04F79EFBC}") = "AutomobileWinApp", "AutomobileWinApp\AutomobileWinApp.csproj", "{F90A3AF4-F9C5-4D64-A897-22FD3D453329}"
EndProject
Global
	GlobalSection(SolutionConfigurationPlatforms) = preSolution
		Debug|Any CPU = Debug|Any CPU
		Release|Any CPU = Release|Any CPU
	EndGlobalSection
	GlobalSection(ProjectConfigurationPlatforms) = postSolution
		{5B90F4C2-42B4-4D30-AACE-F0A4E7DEC594}.Debug|Any CPU.ActiveCfg = Debug|Any CPU
		{5B90F4C2-42B4-4D30-AACE-F0A4E7DEC594}.Debug|Any CPU.Build.0 = Debug|Any CPU
		{5B90F4C2-42B4-4D30-AACE-F0A4E7DEC594}.Release|Any CPU.ActiveCfg = Release|Any CPU
		{5B90F4C2-42B4-4D30-AACE-F0A4E7DEC594}.Release|Any CPU.Build.0 = Release|Any CPU
		{F90A3AF4-F9C5-4D64-A897-22FD3D453329}.Debug|Any CPU.ActiveCfg = Debug|Any CPU
		{F90A3AF4-F9C5-4D64-A897-22FD3D453329}.Debug|Any CPU.Build.0 = Debug|Any CPU
		{F90A3AF4-F9C5-4D64-A897-22FD3D453329}.Release|Any CPU.ActiveCfg = Release|Any CPU
		{F90A3AF4-F9C5-4D64-A897-22FD3D453329}.Release|Any CPU.Build.0 = Release|Any CPU
	EndGlobalSection
	GlobalSection(SolutionProperties) = preSolution
		HideSolutionNode = FALSE
	EndGlobalSection
	GlobalSection(ExtensibilityGlobals) = postSolution
		SolutionGuid = {77D3D283-2E46-4762-BF9E-DDA99EACE0C0}
	EndGlobalSection
EndGlobal
